
Microsoft Visual Studio Solution File, Format Version 12.00
# Visual Studio 15
VisualStudioVersion = 15.0.26124.0
MinimumVisualStudioVersion = 15.0.26124.0
Project("{FAE04EC0-301F-11D3-BF4B-00C04F79EFBC}") = "AppCli", "AppCli\AppCli.csproj", "{B84A44E7-08F0-4793-AAF8-BE5983DBD517}"
EndProject
Project("{2150E333-8FDC-42A3-9474-1A3956D46DE8}") = "Sheet", "BudgetLib\Sheet", "{C6B2F4F8-F355-4C80-898D-7BA703BDF3D0}"
EndProject
Project("{FAE04EC0-301F-11D3-BF4B-00C04F79EFBC}") = "Sheet.Common", "BudgetLib\Sheet\Common\Sheet.Common.csproj", "{F45436B8-2A61-4301-8F82-AD8D65E52309}"
EndProject
Project("{FAE04EC0-301F-11D3-BF4B-00C04F79EFBC}") = "Sheet.Repositories", "BudgetLib\Sheet\Repositories\Sheet.Repositories.csproj", "{7BC2884B-5C2B-4D74-9F70-D35B56DAB83C}"
EndProject
Project("{FAE04EC0-301F-11D3-BF4B-00C04F79EFBC}") = "Sheet.Services", "BudgetLib\Sheet\Services\Sheet.Services.csproj", "{980C92F1-5311-41D2-AA34-8C25DF248117}"
EndProject
Project("{2150E333-8FDC-42A3-9474-1A3956D46DE8}") = "Extentions", "BudgetLib\Extentions", "{BEC9F7C0-5F67-4263-B957-BE7FDE67F1E2}"
EndProject
Project("{FAE04EC0-301F-11D3-BF4B-00C04F79EFBC}") = "Extentions.Config", "BudgetLib\Extentions\Config\Extentions.Config.csproj", "{0B8CD5B6-E8EF-4B1D-AAB2-39F9E99F1492}"
EndProject
Project("{2150E333-8FDC-42A3-9474-1A3956D46DE8}") = "Config", "BudgetLib\Config", "{3F918FFA-CFC7-422D-95C4-C05744C0E5AA}"
EndProject
Project("{FAE04EC0-301F-11D3-BF4B-00C04F79EFBC}") = "Config.Docker", "BudgetLib\Config\Docker\Config.Docker.csproj", "{97F7B081-F0C8-4347-ADA4-AE67E40685FE}"
EndProject
Project("{FAE04EC0-301F-11D3-BF4B-00C04F79EFBC}") = "Config.Docker.Tests", "BudgetLib\Config\Docker.Tests\Config.Docker.Tests.csproj", "{53A14605-53D6-44D6-9FEB-8042B1B88BBA}"
EndProject
Project("{2150E333-8FDC-42A3-9474-1A3956D46DE8}") = "MonthSheet", "BudgetLib\MonthSheet", "{15AAE6CF-BD23-4672-9525-C5F9E7B624E9}"
EndProject
Project("{FAE04EC0-301F-11D3-BF4B-00C04F79EFBC}") = "MonthSheet.Common", "BudgetLib\MonthSheet\Common\MonthSheet.Common.csproj", "{8E383709-345C-4B83-8593-833F19EBE44E}"
EndProject
Project("{FAE04EC0-301F-11D3-BF4B-00C04F79EFBC}") = "MonthSheet.Repositories", "BudgetLib\MonthSheet\Repositories\MonthSheet.Repositories.csproj", "{C98CD4A5-19E0-4129-BC6B-C87F3E11CF8B}"
EndProject
Project("{FAE04EC0-301F-11D3-BF4B-00C04F79EFBC}") = "MonthSheet.Services", "BudgetLib\MonthSheet\Services\MonthSheet.Services.csproj", "{D55C61A2-36AA-4AFF-A45B-EAFD6656B28E}"
EndProject
Project("{FAE04EC0-301F-11D3-BF4B-00C04F79EFBC}") = "MonthSheet.Repositories.Tests", "BudgetLib\MonthSheet\Repositories.Tests\MonthSheet.Repositories.Tests.csproj", "{C2F5328C-2589-4858-A9B5-90A9BC9824FF}"
EndProject
Project("{FAE04EC0-301F-11D3-BF4B-00C04F79EFBC}") = "Extentions.Common", "BudgetLib\Extentions\Common\Extentions.Common.csproj", "{8DA74FF1-2910-4F3B-8899-D5451B11A0AF}"
EndProject
Project("{2150E333-8FDC-42A3-9474-1A3956D46DE8}") = "BudgetLib", "BudgetLib", "{401A77A6-9027-4DE8-AADE-73D3E61E4E57}"
EndProject
Project("{2150E333-8FDC-42A3-9474-1A3956D46DE8}") = "Common", "Common", "{7DC20C6E-33B1-45B2-974C-A2FB221F9295}"
EndProject
Project("{FAE04EC0-301F-11D3-BF4B-00C04F79EFBC}") = "Common.Utils", "BudgetLib\Common\Utils\Common.Utils.csproj", "{81166DCA-7EF1-48AF-805E-7E3315A10B9E}"
EndProject
Project("{FAE04EC0-301F-11D3-BF4B-00C04F79EFBC}") = "MonthSheet.Services.Tests", "BudgetLib\MonthSheet\Services.Tests\MonthSheet.Services.Tests.csproj", "{BBC18F72-7EF8-4DB0-BC98-4362B5A09CFD}"
EndProject
Project("{2150E333-8FDC-42A3-9474-1A3956D46DE8}") = "HistoricSheet", "HistoricSheet", "{21D56E43-31A2-4AD3-A6A8-BAEF204665B6}"
EndProject
Project("{FAE04EC0-301F-11D3-BF4B-00C04F79EFBC}") = "HistoricSheet.Repositories", "BudgetLib\HistoricSheet\Repositories\HistoricSheet.Repositories.csproj", "{03916128-05B8-4896-A6C1-8A1443D04D1C}"
EndProject
Project("{FAE04EC0-301F-11D3-BF4B-00C04F79EFBC}") = "HistoricSheet.Common", "BudgetLib\HistoricSheet\Common\HistoricSheet.Common.csproj", "{075859AB-04DF-4506-B2BD-292E09CB83BF}"
EndProject
Project("{FAE04EC0-301F-11D3-BF4B-00C04F79EFBC}") = "HistoricSheet.Services", "BudgetLib\HistoricSheet\Services\HistoricSheet.Services.csproj", "{544946E2-28E2-45EB-B068-FBF0068DF6E6}"
EndProject
Project("{2150E333-8FDC-42A3-9474-1A3956D46DE8}") = "SheetApi", "SheetApi", "{18FD3075-4B8D-48B2-8E36-C6324917375A}"
EndProject
Project("{FAE04EC0-301F-11D3-BF4B-00C04F79EFBC}") = "SheetApi.Common", "BudgetLib\SheetApi\Common\SheetApi.Common.csproj", "{65DF8783-99E5-4B33-B561-C7F88F9F2F3A}"
EndProject
Project("{FAE04EC0-301F-11D3-BF4B-00C04F79EFBC}") = "SheetApi.Service", "BudgetLib\SheetApi\Service\SheetApi.Service.csproj", "{2E5349B2-917B-45FC-B919-B2A2CFE29320}"
EndProject
Global
	GlobalSection(SolutionConfigurationPlatforms) = preSolution
		Debug|Any CPU = Debug|Any CPU
		Debug|x64 = Debug|x64
		Debug|x86 = Debug|x86
		Release|Any CPU = Release|Any CPU
		Release|x64 = Release|x64
		Release|x86 = Release|x86
	EndGlobalSection
	GlobalSection(SolutionProperties) = preSolution
		HideSolutionNode = FALSE
	EndGlobalSection
	GlobalSection(ProjectConfigurationPlatforms) = postSolution
		{B84A44E7-08F0-4793-AAF8-BE5983DBD517}.Debug|Any CPU.ActiveCfg = Debug|Any CPU
		{B84A44E7-08F0-4793-AAF8-BE5983DBD517}.Debug|Any CPU.Build.0 = Debug|Any CPU
		{B84A44E7-08F0-4793-AAF8-BE5983DBD517}.Debug|x64.ActiveCfg = Debug|Any CPU
		{B84A44E7-08F0-4793-AAF8-BE5983DBD517}.Debug|x64.Build.0 = Debug|Any CPU
		{B84A44E7-08F0-4793-AAF8-BE5983DBD517}.Debug|x86.ActiveCfg = Debug|Any CPU
		{B84A44E7-08F0-4793-AAF8-BE5983DBD517}.Debug|x86.Build.0 = Debug|Any CPU
		{B84A44E7-08F0-4793-AAF8-BE5983DBD517}.Release|Any CPU.ActiveCfg = Release|Any CPU
		{B84A44E7-08F0-4793-AAF8-BE5983DBD517}.Release|Any CPU.Build.0 = Release|Any CPU
		{B84A44E7-08F0-4793-AAF8-BE5983DBD517}.Release|x64.ActiveCfg = Release|Any CPU
		{B84A44E7-08F0-4793-AAF8-BE5983DBD517}.Release|x64.Build.0 = Release|Any CPU
		{B84A44E7-08F0-4793-AAF8-BE5983DBD517}.Release|x86.ActiveCfg = Release|Any CPU
		{B84A44E7-08F0-4793-AAF8-BE5983DBD517}.Release|x86.Build.0 = Release|Any CPU
		{F45436B8-2A61-4301-8F82-AD8D65E52309}.Debug|Any CPU.ActiveCfg = Debug|Any CPU
		{F45436B8-2A61-4301-8F82-AD8D65E52309}.Debug|Any CPU.Build.0 = Debug|Any CPU
		{F45436B8-2A61-4301-8F82-AD8D65E52309}.Debug|x64.ActiveCfg = Debug|Any CPU
		{F45436B8-2A61-4301-8F82-AD8D65E52309}.Debug|x64.Build.0 = Debug|Any CPU
		{F45436B8-2A61-4301-8F82-AD8D65E52309}.Debug|x86.ActiveCfg = Debug|Any CPU
		{F45436B8-2A61-4301-8F82-AD8D65E52309}.Debug|x86.Build.0 = Debug|Any CPU
		{F45436B8-2A61-4301-8F82-AD8D65E52309}.Release|Any CPU.ActiveCfg = Release|Any CPU
		{F45436B8-2A61-4301-8F82-AD8D65E52309}.Release|Any CPU.Build.0 = Release|Any CPU
		{F45436B8-2A61-4301-8F82-AD8D65E52309}.Release|x64.ActiveCfg = Release|Any CPU
		{F45436B8-2A61-4301-8F82-AD8D65E52309}.Release|x64.Build.0 = Release|Any CPU
		{F45436B8-2A61-4301-8F82-AD8D65E52309}.Release|x86.ActiveCfg = Release|Any CPU
		{F45436B8-2A61-4301-8F82-AD8D65E52309}.Release|x86.Build.0 = Release|Any CPU
		{7BC2884B-5C2B-4D74-9F70-D35B56DAB83C}.Debug|Any CPU.ActiveCfg = Debug|Any CPU
		{7BC2884B-5C2B-4D74-9F70-D35B56DAB83C}.Debug|Any CPU.Build.0 = Debug|Any CPU
		{7BC2884B-5C2B-4D74-9F70-D35B56DAB83C}.Debug|x64.ActiveCfg = Debug|Any CPU
		{7BC2884B-5C2B-4D74-9F70-D35B56DAB83C}.Debug|x64.Build.0 = Debug|Any CPU
		{7BC2884B-5C2B-4D74-9F70-D35B56DAB83C}.Debug|x86.ActiveCfg = Debug|Any CPU
		{7BC2884B-5C2B-4D74-9F70-D35B56DAB83C}.Debug|x86.Build.0 = Debug|Any CPU
		{7BC2884B-5C2B-4D74-9F70-D35B56DAB83C}.Release|Any CPU.ActiveCfg = Release|Any CPU
		{7BC2884B-5C2B-4D74-9F70-D35B56DAB83C}.Release|Any CPU.Build.0 = Release|Any CPU
		{7BC2884B-5C2B-4D74-9F70-D35B56DAB83C}.Release|x64.ActiveCfg = Release|Any CPU
		{7BC2884B-5C2B-4D74-9F70-D35B56DAB83C}.Release|x64.Build.0 = Release|Any CPU
		{7BC2884B-5C2B-4D74-9F70-D35B56DAB83C}.Release|x86.ActiveCfg = Release|Any CPU
		{7BC2884B-5C2B-4D74-9F70-D35B56DAB83C}.Release|x86.Build.0 = Release|Any CPU
		{980C92F1-5311-41D2-AA34-8C25DF248117}.Debug|Any CPU.ActiveCfg = Debug|Any CPU
		{980C92F1-5311-41D2-AA34-8C25DF248117}.Debug|Any CPU.Build.0 = Debug|Any CPU
		{980C92F1-5311-41D2-AA34-8C25DF248117}.Debug|x64.ActiveCfg = Debug|Any CPU
		{980C92F1-5311-41D2-AA34-8C25DF248117}.Debug|x64.Build.0 = Debug|Any CPU
		{980C92F1-5311-41D2-AA34-8C25DF248117}.Debug|x86.ActiveCfg = Debug|Any CPU
		{980C92F1-5311-41D2-AA34-8C25DF248117}.Debug|x86.Build.0 = Debug|Any CPU
		{980C92F1-5311-41D2-AA34-8C25DF248117}.Release|Any CPU.ActiveCfg = Release|Any CPU
		{980C92F1-5311-41D2-AA34-8C25DF248117}.Release|Any CPU.Build.0 = Release|Any CPU
		{980C92F1-5311-41D2-AA34-8C25DF248117}.Release|x64.ActiveCfg = Release|Any CPU
		{980C92F1-5311-41D2-AA34-8C25DF248117}.Release|x64.Build.0 = Release|Any CPU
		{980C92F1-5311-41D2-AA34-8C25DF248117}.Release|x86.ActiveCfg = Release|Any CPU
		{980C92F1-5311-41D2-AA34-8C25DF248117}.Release|x86.Build.0 = Release|Any CPU
		{0B8CD5B6-E8EF-4B1D-AAB2-39F9E99F1492}.Debug|Any CPU.ActiveCfg = Debug|Any CPU
		{0B8CD5B6-E8EF-4B1D-AAB2-39F9E99F1492}.Debug|Any CPU.Build.0 = Debug|Any CPU
		{0B8CD5B6-E8EF-4B1D-AAB2-39F9E99F1492}.Debug|x64.ActiveCfg = Debug|Any CPU
		{0B8CD5B6-E8EF-4B1D-AAB2-39F9E99F1492}.Debug|x64.Build.0 = Debug|Any CPU
		{0B8CD5B6-E8EF-4B1D-AAB2-39F9E99F1492}.Debug|x86.ActiveCfg = Debug|Any CPU
		{0B8CD5B6-E8EF-4B1D-AAB2-39F9E99F1492}.Debug|x86.Build.0 = Debug|Any CPU
		{0B8CD5B6-E8EF-4B1D-AAB2-39F9E99F1492}.Release|Any CPU.ActiveCfg = Release|Any CPU
		{0B8CD5B6-E8EF-4B1D-AAB2-39F9E99F1492}.Release|Any CPU.Build.0 = Release|Any CPU
		{0B8CD5B6-E8EF-4B1D-AAB2-39F9E99F1492}.Release|x64.ActiveCfg = Release|Any CPU
		{0B8CD5B6-E8EF-4B1D-AAB2-39F9E99F1492}.Release|x64.Build.0 = Release|Any CPU
		{0B8CD5B6-E8EF-4B1D-AAB2-39F9E99F1492}.Release|x86.ActiveCfg = Release|Any CPU
		{0B8CD5B6-E8EF-4B1D-AAB2-39F9E99F1492}.Release|x86.Build.0 = Release|Any CPU
		{97F7B081-F0C8-4347-ADA4-AE67E40685FE}.Debug|Any CPU.ActiveCfg = Debug|Any CPU
		{97F7B081-F0C8-4347-ADA4-AE67E40685FE}.Debug|Any CPU.Build.0 = Debug|Any CPU
		{97F7B081-F0C8-4347-ADA4-AE67E40685FE}.Debug|x64.ActiveCfg = Debug|Any CPU
		{97F7B081-F0C8-4347-ADA4-AE67E40685FE}.Debug|x64.Build.0 = Debug|Any CPU
		{97F7B081-F0C8-4347-ADA4-AE67E40685FE}.Debug|x86.ActiveCfg = Debug|Any CPU
		{97F7B081-F0C8-4347-ADA4-AE67E40685FE}.Debug|x86.Build.0 = Debug|Any CPU
		{97F7B081-F0C8-4347-ADA4-AE67E40685FE}.Release|Any CPU.ActiveCfg = Release|Any CPU
		{97F7B081-F0C8-4347-ADA4-AE67E40685FE}.Release|Any CPU.Build.0 = Release|Any CPU
		{97F7B081-F0C8-4347-ADA4-AE67E40685FE}.Release|x64.ActiveCfg = Release|Any CPU
		{97F7B081-F0C8-4347-ADA4-AE67E40685FE}.Release|x64.Build.0 = Release|Any CPU
		{97F7B081-F0C8-4347-ADA4-AE67E40685FE}.Release|x86.ActiveCfg = Release|Any CPU
		{97F7B081-F0C8-4347-ADA4-AE67E40685FE}.Release|x86.Build.0 = Release|Any CPU
		{53A14605-53D6-44D6-9FEB-8042B1B88BBA}.Debug|Any CPU.ActiveCfg = Debug|Any CPU
		{53A14605-53D6-44D6-9FEB-8042B1B88BBA}.Debug|Any CPU.Build.0 = Debug|Any CPU
		{53A14605-53D6-44D6-9FEB-8042B1B88BBA}.Debug|x64.ActiveCfg = Debug|Any CPU
		{53A14605-53D6-44D6-9FEB-8042B1B88BBA}.Debug|x64.Build.0 = Debug|Any CPU
		{53A14605-53D6-44D6-9FEB-8042B1B88BBA}.Debug|x86.ActiveCfg = Debug|Any CPU
		{53A14605-53D6-44D6-9FEB-8042B1B88BBA}.Debug|x86.Build.0 = Debug|Any CPU
		{53A14605-53D6-44D6-9FEB-8042B1B88BBA}.Release|Any CPU.ActiveCfg = Release|Any CPU
		{53A14605-53D6-44D6-9FEB-8042B1B88BBA}.Release|Any CPU.Build.0 = Release|Any CPU
		{53A14605-53D6-44D6-9FEB-8042B1B88BBA}.Release|x64.ActiveCfg = Release|Any CPU
		{53A14605-53D6-44D6-9FEB-8042B1B88BBA}.Release|x64.Build.0 = Release|Any CPU
		{53A14605-53D6-44D6-9FEB-8042B1B88BBA}.Release|x86.ActiveCfg = Release|Any CPU
		{53A14605-53D6-44D6-9FEB-8042B1B88BBA}.Release|x86.Build.0 = Release|Any CPU
		{8E383709-345C-4B83-8593-833F19EBE44E}.Debug|Any CPU.ActiveCfg = Debug|Any CPU
		{8E383709-345C-4B83-8593-833F19EBE44E}.Debug|Any CPU.Build.0 = Debug|Any CPU
		{8E383709-345C-4B83-8593-833F19EBE44E}.Debug|x64.ActiveCfg = Debug|Any CPU
		{8E383709-345C-4B83-8593-833F19EBE44E}.Debug|x64.Build.0 = Debug|Any CPU
		{8E383709-345C-4B83-8593-833F19EBE44E}.Debug|x86.ActiveCfg = Debug|Any CPU
		{8E383709-345C-4B83-8593-833F19EBE44E}.Debug|x86.Build.0 = Debug|Any CPU
		{8E383709-345C-4B83-8593-833F19EBE44E}.Release|Any CPU.ActiveCfg = Release|Any CPU
		{8E383709-345C-4B83-8593-833F19EBE44E}.Release|Any CPU.Build.0 = Release|Any CPU
		{8E383709-345C-4B83-8593-833F19EBE44E}.Release|x64.ActiveCfg = Release|Any CPU
		{8E383709-345C-4B83-8593-833F19EBE44E}.Release|x64.Build.0 = Release|Any CPU
		{8E383709-345C-4B83-8593-833F19EBE44E}.Release|x86.ActiveCfg = Release|Any CPU
		{8E383709-345C-4B83-8593-833F19EBE44E}.Release|x86.Build.0 = Release|Any CPU
		{C98CD4A5-19E0-4129-BC6B-C87F3E11CF8B}.Debug|Any CPU.ActiveCfg = Debug|Any CPU
		{C98CD4A5-19E0-4129-BC6B-C87F3E11CF8B}.Debug|Any CPU.Build.0 = Debug|Any CPU
		{C98CD4A5-19E0-4129-BC6B-C87F3E11CF8B}.Debug|x64.ActiveCfg = Debug|Any CPU
		{C98CD4A5-19E0-4129-BC6B-C87F3E11CF8B}.Debug|x64.Build.0 = Debug|Any CPU
		{C98CD4A5-19E0-4129-BC6B-C87F3E11CF8B}.Debug|x86.ActiveCfg = Debug|Any CPU
		{C98CD4A5-19E0-4129-BC6B-C87F3E11CF8B}.Debug|x86.Build.0 = Debug|Any CPU
		{C98CD4A5-19E0-4129-BC6B-C87F3E11CF8B}.Release|Any CPU.ActiveCfg = Release|Any CPU
		{C98CD4A5-19E0-4129-BC6B-C87F3E11CF8B}.Release|Any CPU.Build.0 = Release|Any CPU
		{C98CD4A5-19E0-4129-BC6B-C87F3E11CF8B}.Release|x64.ActiveCfg = Release|Any CPU
		{C98CD4A5-19E0-4129-BC6B-C87F3E11CF8B}.Release|x64.Build.0 = Release|Any CPU
		{C98CD4A5-19E0-4129-BC6B-C87F3E11CF8B}.Release|x86.ActiveCfg = Release|Any CPU
		{C98CD4A5-19E0-4129-BC6B-C87F3E11CF8B}.Release|x86.Build.0 = Release|Any CPU
		{D55C61A2-36AA-4AFF-A45B-EAFD6656B28E}.Debug|Any CPU.ActiveCfg = Debug|Any CPU
		{D55C61A2-36AA-4AFF-A45B-EAFD6656B28E}.Debug|Any CPU.Build.0 = Debug|Any CPU
		{D55C61A2-36AA-4AFF-A45B-EAFD6656B28E}.Debug|x64.ActiveCfg = Debug|Any CPU
		{D55C61A2-36AA-4AFF-A45B-EAFD6656B28E}.Debug|x64.Build.0 = Debug|Any CPU
		{D55C61A2-36AA-4AFF-A45B-EAFD6656B28E}.Debug|x86.ActiveCfg = Debug|Any CPU
		{D55C61A2-36AA-4AFF-A45B-EAFD6656B28E}.Debug|x86.Build.0 = Debug|Any CPU
		{D55C61A2-36AA-4AFF-A45B-EAFD6656B28E}.Release|Any CPU.ActiveCfg = Release|Any CPU
		{D55C61A2-36AA-4AFF-A45B-EAFD6656B28E}.Release|Any CPU.Build.0 = Release|Any CPU
		{D55C61A2-36AA-4AFF-A45B-EAFD6656B28E}.Release|x64.ActiveCfg = Release|Any CPU
		{D55C61A2-36AA-4AFF-A45B-EAFD6656B28E}.Release|x64.Build.0 = Release|Any CPU
		{D55C61A2-36AA-4AFF-A45B-EAFD6656B28E}.Release|x86.ActiveCfg = Release|Any CPU
		{D55C61A2-36AA-4AFF-A45B-EAFD6656B28E}.Release|x86.Build.0 = Release|Any CPU
		{C2F5328C-2589-4858-A9B5-90A9BC9824FF}.Debug|Any CPU.ActiveCfg = Debug|Any CPU
		{C2F5328C-2589-4858-A9B5-90A9BC9824FF}.Debug|Any CPU.Build.0 = Debug|Any CPU
		{C2F5328C-2589-4858-A9B5-90A9BC9824FF}.Debug|x64.ActiveCfg = Debug|Any CPU
		{C2F5328C-2589-4858-A9B5-90A9BC9824FF}.Debug|x64.Build.0 = Debug|Any CPU
		{C2F5328C-2589-4858-A9B5-90A9BC9824FF}.Debug|x86.ActiveCfg = Debug|Any CPU
		{C2F5328C-2589-4858-A9B5-90A9BC9824FF}.Debug|x86.Build.0 = Debug|Any CPU
		{C2F5328C-2589-4858-A9B5-90A9BC9824FF}.Release|Any CPU.ActiveCfg = Release|Any CPU
		{C2F5328C-2589-4858-A9B5-90A9BC9824FF}.Release|Any CPU.Build.0 = Release|Any CPU
		{C2F5328C-2589-4858-A9B5-90A9BC9824FF}.Release|x64.ActiveCfg = Release|Any CPU
		{C2F5328C-2589-4858-A9B5-90A9BC9824FF}.Release|x64.Build.0 = Release|Any CPU
		{C2F5328C-2589-4858-A9B5-90A9BC9824FF}.Release|x86.ActiveCfg = Release|Any CPU
		{C2F5328C-2589-4858-A9B5-90A9BC9824FF}.Release|x86.Build.0 = Release|Any CPU
		{8DA74FF1-2910-4F3B-8899-D5451B11A0AF}.Debug|Any CPU.ActiveCfg = Debug|Any CPU
		{8DA74FF1-2910-4F3B-8899-D5451B11A0AF}.Debug|Any CPU.Build.0 = Debug|Any CPU
		{8DA74FF1-2910-4F3B-8899-D5451B11A0AF}.Debug|x64.ActiveCfg = Debug|Any CPU
		{8DA74FF1-2910-4F3B-8899-D5451B11A0AF}.Debug|x64.Build.0 = Debug|Any CPU
		{8DA74FF1-2910-4F3B-8899-D5451B11A0AF}.Debug|x86.ActiveCfg = Debug|Any CPU
		{8DA74FF1-2910-4F3B-8899-D5451B11A0AF}.Debug|x86.Build.0 = Debug|Any CPU
		{8DA74FF1-2910-4F3B-8899-D5451B11A0AF}.Release|Any CPU.ActiveCfg = Release|Any CPU
		{8DA74FF1-2910-4F3B-8899-D5451B11A0AF}.Release|Any CPU.Build.0 = Release|Any CPU
		{8DA74FF1-2910-4F3B-8899-D5451B11A0AF}.Release|x64.ActiveCfg = Release|Any CPU
		{8DA74FF1-2910-4F3B-8899-D5451B11A0AF}.Release|x64.Build.0 = Release|Any CPU
		{8DA74FF1-2910-4F3B-8899-D5451B11A0AF}.Release|x86.ActiveCfg = Release|Any CPU
		{8DA74FF1-2910-4F3B-8899-D5451B11A0AF}.Release|x86.Build.0 = Release|Any CPU
		{81166DCA-7EF1-48AF-805E-7E3315A10B9E}.Debug|Any CPU.ActiveCfg = Debug|Any CPU
		{81166DCA-7EF1-48AF-805E-7E3315A10B9E}.Debug|Any CPU.Build.0 = Debug|Any CPU
		{81166DCA-7EF1-48AF-805E-7E3315A10B9E}.Debug|x64.ActiveCfg = Debug|Any CPU
		{81166DCA-7EF1-48AF-805E-7E3315A10B9E}.Debug|x64.Build.0 = Debug|Any CPU
		{81166DCA-7EF1-48AF-805E-7E3315A10B9E}.Debug|x86.ActiveCfg = Debug|Any CPU
		{81166DCA-7EF1-48AF-805E-7E3315A10B9E}.Debug|x86.Build.0 = Debug|Any CPU
		{81166DCA-7EF1-48AF-805E-7E3315A10B9E}.Release|Any CPU.ActiveCfg = Release|Any CPU
		{81166DCA-7EF1-48AF-805E-7E3315A10B9E}.Release|Any CPU.Build.0 = Release|Any CPU
		{81166DCA-7EF1-48AF-805E-7E3315A10B9E}.Release|x64.ActiveCfg = Release|Any CPU
		{81166DCA-7EF1-48AF-805E-7E3315A10B9E}.Release|x64.Build.0 = Release|Any CPU
		{81166DCA-7EF1-48AF-805E-7E3315A10B9E}.Release|x86.ActiveCfg = Release|Any CPU
		{81166DCA-7EF1-48AF-805E-7E3315A10B9E}.Release|x86.Build.0 = Release|Any CPU
		{BBC18F72-7EF8-4DB0-BC98-4362B5A09CFD}.Debug|Any CPU.ActiveCfg = Debug|Any CPU
		{BBC18F72-7EF8-4DB0-BC98-4362B5A09CFD}.Debug|Any CPU.Build.0 = Debug|Any CPU
		{BBC18F72-7EF8-4DB0-BC98-4362B5A09CFD}.Debug|x64.ActiveCfg = Debug|Any CPU
		{BBC18F72-7EF8-4DB0-BC98-4362B5A09CFD}.Debug|x64.Build.0 = Debug|Any CPU
		{BBC18F72-7EF8-4DB0-BC98-4362B5A09CFD}.Debug|x86.ActiveCfg = Debug|Any CPU
		{BBC18F72-7EF8-4DB0-BC98-4362B5A09CFD}.Debug|x86.Build.0 = Debug|Any CPU
		{BBC18F72-7EF8-4DB0-BC98-4362B5A09CFD}.Release|Any CPU.ActiveCfg = Release|Any CPU
		{BBC18F72-7EF8-4DB0-BC98-4362B5A09CFD}.Release|Any CPU.Build.0 = Release|Any CPU
		{BBC18F72-7EF8-4DB0-BC98-4362B5A09CFD}.Release|x64.ActiveCfg = Release|Any CPU
		{BBC18F72-7EF8-4DB0-BC98-4362B5A09CFD}.Release|x64.Build.0 = Release|Any CPU
		{BBC18F72-7EF8-4DB0-BC98-4362B5A09CFD}.Release|x86.ActiveCfg = Release|Any CPU
		{BBC18F72-7EF8-4DB0-BC98-4362B5A09CFD}.Release|x86.Build.0 = Release|Any CPU
		{03916128-05B8-4896-A6C1-8A1443D04D1C}.Debug|Any CPU.ActiveCfg = Debug|Any CPU
		{03916128-05B8-4896-A6C1-8A1443D04D1C}.Debug|Any CPU.Build.0 = Debug|Any CPU
		{03916128-05B8-4896-A6C1-8A1443D04D1C}.Debug|x64.ActiveCfg = Debug|Any CPU
		{03916128-05B8-4896-A6C1-8A1443D04D1C}.Debug|x64.Build.0 = Debug|Any CPU
		{03916128-05B8-4896-A6C1-8A1443D04D1C}.Debug|x86.ActiveCfg = Debug|Any CPU
		{03916128-05B8-4896-A6C1-8A1443D04D1C}.Debug|x86.Build.0 = Debug|Any CPU
		{03916128-05B8-4896-A6C1-8A1443D04D1C}.Release|Any CPU.ActiveCfg = Release|Any CPU
		{03916128-05B8-4896-A6C1-8A1443D04D1C}.Release|Any CPU.Build.0 = Release|Any CPU
		{03916128-05B8-4896-A6C1-8A1443D04D1C}.Release|x64.ActiveCfg = Release|Any CPU
		{03916128-05B8-4896-A6C1-8A1443D04D1C}.Release|x64.Build.0 = Release|Any CPU
		{03916128-05B8-4896-A6C1-8A1443D04D1C}.Release|x86.ActiveCfg = Release|Any CPU
		{03916128-05B8-4896-A6C1-8A1443D04D1C}.Release|x86.Build.0 = Release|Any CPU
		{075859AB-04DF-4506-B2BD-292E09CB83BF}.Debug|Any CPU.ActiveCfg = Debug|Any CPU
		{075859AB-04DF-4506-B2BD-292E09CB83BF}.Debug|Any CPU.Build.0 = Debug|Any CPU
		{075859AB-04DF-4506-B2BD-292E09CB83BF}.Debug|x64.ActiveCfg = Debug|Any CPU
		{075859AB-04DF-4506-B2BD-292E09CB83BF}.Debug|x64.Build.0 = Debug|Any CPU
		{075859AB-04DF-4506-B2BD-292E09CB83BF}.Debug|x86.ActiveCfg = Debug|Any CPU
		{075859AB-04DF-4506-B2BD-292E09CB83BF}.Debug|x86.Build.0 = Debug|Any CPU
		{075859AB-04DF-4506-B2BD-292E09CB83BF}.Release|Any CPU.ActiveCfg = Release|Any CPU
		{075859AB-04DF-4506-B2BD-292E09CB83BF}.Release|Any CPU.Build.0 = Release|Any CPU
		{075859AB-04DF-4506-B2BD-292E09CB83BF}.Release|x64.ActiveCfg = Release|Any CPU
		{075859AB-04DF-4506-B2BD-292E09CB83BF}.Release|x64.Build.0 = Release|Any CPU
		{075859AB-04DF-4506-B2BD-292E09CB83BF}.Release|x86.ActiveCfg = Release|Any CPU
		{075859AB-04DF-4506-B2BD-292E09CB83BF}.Release|x86.Build.0 = Release|Any CPU
		{544946E2-28E2-45EB-B068-FBF0068DF6E6}.Debug|Any CPU.ActiveCfg = Debug|Any CPU
		{544946E2-28E2-45EB-B068-FBF0068DF6E6}.Debug|Any CPU.Build.0 = Debug|Any CPU
		{544946E2-28E2-45EB-B068-FBF0068DF6E6}.Debug|x64.ActiveCfg = Debug|Any CPU
		{544946E2-28E2-45EB-B068-FBF0068DF6E6}.Debug|x64.Build.0 = Debug|Any CPU
		{544946E2-28E2-45EB-B068-FBF0068DF6E6}.Debug|x86.ActiveCfg = Debug|Any CPU
		{544946E2-28E2-45EB-B068-FBF0068DF6E6}.Debug|x86.Build.0 = Debug|Any CPU
		{544946E2-28E2-45EB-B068-FBF0068DF6E6}.Release|Any CPU.ActiveCfg = Release|Any CPU
		{544946E2-28E2-45EB-B068-FBF0068DF6E6}.Release|Any CPU.Build.0 = Release|Any CPU
		{544946E2-28E2-45EB-B068-FBF0068DF6E6}.Release|x64.ActiveCfg = Release|Any CPU
		{544946E2-28E2-45EB-B068-FBF0068DF6E6}.Release|x64.Build.0 = Release|Any CPU
		{544946E2-28E2-45EB-B068-FBF0068DF6E6}.Release|x86.ActiveCfg = Release|Any CPU
		{544946E2-28E2-45EB-B068-FBF0068DF6E6}.Release|x86.Build.0 = Release|Any CPU
		{65DF8783-99E5-4B33-B561-C7F88F9F2F3A}.Debug|Any CPU.ActiveCfg = Debug|Any CPU
		{65DF8783-99E5-4B33-B561-C7F88F9F2F3A}.Debug|Any CPU.Build.0 = Debug|Any CPU
		{65DF8783-99E5-4B33-B561-C7F88F9F2F3A}.Debug|x64.ActiveCfg = Debug|Any CPU
		{65DF8783-99E5-4B33-B561-C7F88F9F2F3A}.Debug|x64.Build.0 = Debug|Any CPU
		{65DF8783-99E5-4B33-B561-C7F88F9F2F3A}.Debug|x86.ActiveCfg = Debug|Any CPU
		{65DF8783-99E5-4B33-B561-C7F88F9F2F3A}.Debug|x86.Build.0 = Debug|Any CPU
		{65DF8783-99E5-4B33-B561-C7F88F9F2F3A}.Release|Any CPU.ActiveCfg = Release|Any CPU
		{65DF8783-99E5-4B33-B561-C7F88F9F2F3A}.Release|Any CPU.Build.0 = Release|Any CPU
		{65DF8783-99E5-4B33-B561-C7F88F9F2F3A}.Release|x64.ActiveCfg = Release|Any CPU
		{65DF8783-99E5-4B33-B561-C7F88F9F2F3A}.Release|x64.Build.0 = Release|Any CPU
		{65DF8783-99E5-4B33-B561-C7F88F9F2F3A}.Release|x86.ActiveCfg = Release|Any CPU
		{65DF8783-99E5-4B33-B561-C7F88F9F2F3A}.Release|x86.Build.0 = Release|Any CPU
		{2E5349B2-917B-45FC-B919-B2A2CFE29320}.Debug|Any CPU.ActiveCfg = Debug|Any CPU
		{2E5349B2-917B-45FC-B919-B2A2CFE29320}.Debug|Any CPU.Build.0 = Debug|Any CPU
		{2E5349B2-917B-45FC-B919-B2A2CFE29320}.Debug|x64.ActiveCfg = Debug|Any CPU
		{2E5349B2-917B-45FC-B919-B2A2CFE29320}.Debug|x64.Build.0 = Debug|Any CPU
		{2E5349B2-917B-45FC-B919-B2A2CFE29320}.Debug|x86.ActiveCfg = Debug|Any CPU
		{2E5349B2-917B-45FC-B919-B2A2CFE29320}.Debug|x86.Build.0 = Debug|Any CPU
		{2E5349B2-917B-45FC-B919-B2A2CFE29320}.Release|Any CPU.ActiveCfg = Release|Any CPU
		{2E5349B2-917B-45FC-B919-B2A2CFE29320}.Release|Any CPU.Build.0 = Release|Any CPU
		{2E5349B2-917B-45FC-B919-B2A2CFE29320}.Release|x64.ActiveCfg = Release|Any CPU
		{2E5349B2-917B-45FC-B919-B2A2CFE29320}.Release|x64.Build.0 = Release|Any CPU
		{2E5349B2-917B-45FC-B919-B2A2CFE29320}.Release|x86.ActiveCfg = Release|Any CPU
		{2E5349B2-917B-45FC-B919-B2A2CFE29320}.Release|x86.Build.0 = Release|Any CPU
	EndGlobalSection
	GlobalSection(NestedProjects) = preSolution
		{F45436B8-2A61-4301-8F82-AD8D65E52309} = {C6B2F4F8-F355-4C80-898D-7BA703BDF3D0}
		{7BC2884B-5C2B-4D74-9F70-D35B56DAB83C} = {C6B2F4F8-F355-4C80-898D-7BA703BDF3D0}
		{980C92F1-5311-41D2-AA34-8C25DF248117} = {C6B2F4F8-F355-4C80-898D-7BA703BDF3D0}
		{0B8CD5B6-E8EF-4B1D-AAB2-39F9E99F1492} = {BEC9F7C0-5F67-4263-B957-BE7FDE67F1E2}
		{97F7B081-F0C8-4347-ADA4-AE67E40685FE} = {3F918FFA-CFC7-422D-95C4-C05744C0E5AA}
		{53A14605-53D6-44D6-9FEB-8042B1B88BBA} = {3F918FFA-CFC7-422D-95C4-C05744C0E5AA}
		{8E383709-345C-4B83-8593-833F19EBE44E} = {15AAE6CF-BD23-4672-9525-C5F9E7B624E9}
		{C98CD4A5-19E0-4129-BC6B-C87F3E11CF8B} = {15AAE6CF-BD23-4672-9525-C5F9E7B624E9}
		{D55C61A2-36AA-4AFF-A45B-EAFD6656B28E} = {15AAE6CF-BD23-4672-9525-C5F9E7B624E9}
		{C2F5328C-2589-4858-A9B5-90A9BC9824FF} = {15AAE6CF-BD23-4672-9525-C5F9E7B624E9}
		{8DA74FF1-2910-4F3B-8899-D5451B11A0AF} = {BEC9F7C0-5F67-4263-B957-BE7FDE67F1E2}
		{7DC20C6E-33B1-45B2-974C-A2FB221F9295} = {401A77A6-9027-4DE8-AADE-73D3E61E4E57}
		{81166DCA-7EF1-48AF-805E-7E3315A10B9E} = {7DC20C6E-33B1-45B2-974C-A2FB221F9295}
		{BBC18F72-7EF8-4DB0-BC98-4362B5A09CFD} = {15AAE6CF-BD23-4672-9525-C5F9E7B624E9}
		{21D56E43-31A2-4AD3-A6A8-BAEF204665B6} = {401A77A6-9027-4DE8-AADE-73D3E61E4E57}
		{03916128-05B8-4896-A6C1-8A1443D04D1C} = {21D56E43-31A2-4AD3-A6A8-BAEF204665B6}
		{075859AB-04DF-4506-B2BD-292E09CB83BF} = {21D56E43-31A2-4AD3-A6A8-BAEF204665B6}
		{544946E2-28E2-45EB-B068-FBF0068DF6E6} = {21D56E43-31A2-4AD3-A6A8-BAEF204665B6}
		{18FD3075-4B8D-48B2-8E36-C6324917375A} = {401A77A6-9027-4DE8-AADE-73D3E61E4E57}
		{65DF8783-99E5-4B33-B561-C7F88F9F2F3A} = {18FD3075-4B8D-48B2-8E36-C6324917375A}
		{2E5349B2-917B-45FC-B919-B2A2CFE29320} = {18FD3075-4B8D-48B2-8E36-C6324917375A}
	EndGlobalSection
EndGlobal
